
Microsoft Visual Studio Solution File, Format Version 12.00
# Visual Studio Version 17
VisualStudioVersion = 17.9.34622.214
MinimumVisualStudioVersion = 10.0.40219.1
Project("{9A19103F-16F7-4668-BE54-9A1E7A4F7556}") = "WebAppASP", "WebAppASP\WebAppASP.csproj", "{081693BE-25AD-4B02-887D-54E8032B4BA5}"
EndProject
Project("{FAE04EC0-301F-11D3-BF4B-00C04F79EFBC}") = "Infrastructure", "Infrastructure\Infrastructure.csproj", "{2397B4EF-8043-44A6-9D06-FDEA44B0D2A8}"
EndProject
Global
	GlobalSection(SolutionConfigurationPlatforms) = preSolution
		Debug|Any CPU = Debug|Any CPU
		Release|Any CPU = Release|Any CPU
	EndGlobalSection
	GlobalSection(ProjectConfigurationPlatforms) = postSolution
		{081693BE-25AD-4B02-887D-54E8032B4BA5}.Debug|Any CPU.ActiveCfg = Debug|Any CPU
		{081693BE-25AD-4B02-887D-54E8032B4BA5}.Debug|Any CPU.Build.0 = Debug|Any CPU
		{081693BE-25AD-4B02-887D-54E8032B4BA5}.Release|Any CPU.ActiveCfg = Release|Any CPU
		{081693BE-25AD-4B02-887D-54E8032B4BA5}.Release|Any CPU.Build.0 = Release|Any CPU
		{2397B4EF-8043-44A6-9D06-FDEA44B0D2A8}.Debug|Any CPU.ActiveCfg = Debug|Any CPU
		{2397B4EF-8043-44A6-9D06-FDEA44B0D2A8}.Debug|Any CPU.Build.0 = Debug|Any CPU
		{2397B4EF-8043-44A6-9D06-FDEA44B0D2A8}.Release|Any CPU.ActiveCfg = Release|Any CPU
		{2397B4EF-8043-44A6-9D06-FDEA44B0D2A8}.Release|Any CPU.Build.0 = Release|Any CPU
	EndGlobalSection
	GlobalSection(SolutionProperties) = preSolution
		HideSolutionNode = FALSE
	EndGlobalSection
	GlobalSection(ExtensibilityGlobals) = postSolution
		SolutionGuid = {0CFB2757-AC90-47CE-B813-2302BF16D54B}
	EndGlobalSection
EndGlobal
